// !$*UTF8*$!
{
	archiveVersion = 1;
	classes = {
	};
	objectVersion = 46;
	objects = {

/* Begin PBXBuildFile section */
		46BC554F1E73FEE20062C6EE /* main.m in Sources */ = {isa = PBXBuildFile; fileRef = 46BC554E1E73FEE20062C6EE /* main.m */; };
		46BC55521E73FEE20062C6EE /* AppDelegate.m in Sources */ = {isa = PBXBuildFile; fileRef = 46BC55511E73FEE20062C6EE /* AppDelegate.m */; };
		46BC55551E73FEE20062C6EE /* ViewController.m in Sources */ = {isa = PBXBuildFile; fileRef = 46BC55541E73FEE20062C6EE /* ViewController.m */; };
		46BC55581E73FEE20062C6EE /* Main.storyboard in Resources */ = {isa = PBXBuildFile; fileRef = 46BC55561E73FEE20062C6EE /* Main.storyboard */; };
		46BC555A1E73FEE20062C6EE /* Assets.xcassets in Resources */ = {isa = PBXBuildFile; fileRef = 46BC55591E73FEE20062C6EE /* Assets.xcassets */; };
		46BC555D1E73FEE20062C6EE /* LaunchScreen.storyboard in Resources */ = {isa = PBXBuildFile; fileRef = 46BC555B1E73FEE20062C6EE /* LaunchScreen.storyboard */; };
/* End PBXBuildFile section */

/* Begin PBXFileReference section */
		46BC554A1E73FEE20062C6EE /* Qimiao-Demo.app */ = {isa = PBXFileReference; explicitFileType = wrapper.application; includeInIndex = 0; path = "Qimiao-Demo.app"; sourceTree = BUILT_PRODUCTS_DIR; };
		46BC554E1E73FEE20062C6EE /* main.m */ = {isa = PBXFileReference; lastKnownFileType = sourcecode.c.objc; path = main.m; sourceTree = "<group>"; };
		46BC55501E73FEE20062C6EE /* AppDelegate.h */ = {isa = PBXFileReference; lastKnownFileType = sourcecode.c.h; path = AppDelegate.h; sourceTree = "<group>"; };
		46BC55511E73FEE20062C6EE /* AppDelegate.m */ = {isa = PBXFileReference; lastKnownFileType = sourcecode.c.objc; path = AppDelegate.m; sourceTree = "<group>"; };
		46BC55531E73FEE20062C6EE /* ViewController.h */ = {isa = PBXFileReference; lastKnownFileType = sourcecode.c.h; path = ViewController.h; sourceTree = "<group>"; };
		46BC55541E73FEE20062C6EE /* ViewController.m */ = {isa = PBXFileReference; lastKnownFileType = sourcecode.c.objc; path = ViewController.m; sourceTree = "<group>"; };
		46BC55571E73FEE20062C6EE /* Base */ = {isa = PBXFileReference; lastKnownFileType = file.storyboard; name = Base; path = Base.lproj/Main.storyboard; sourceTree = "<group>"; };
		46BC55591E73FEE20062C6EE /* Assets.xcassets */ = {isa = PBXFileReference; lastKnownFileType = folder.assetcatalog; path = Assets.xcassets; sourceTree = "<group>"; };
		46BC555C1E73FEE20062C6EE /* Base */ = {isa = PBXFileReference; lastKnownFileType = file.storyboard; name = Base; path = Base.lproj/LaunchScreen.storyboard; sourceTree = "<group>"; };
		46BC555E1E73FEE20062C6EE /* Info.plist */ = {isa = PBXFileReference; lastKnownFileType = text.plist.xml; path = Info.plist; sourceTree = "<group>"; };
/* End PBXFileReference section */

/* Begin PBXFrameworksBuildPhase section */
		46BC55471E73FEE20062C6EE /* Frameworks */ = {
			isa = PBXFrameworksBuildPhase;
			buildActionMask = 2147483647;
			files = (
			);
			runOnlyForDeploymentPostprocessing = 0;
		};
/* End PBXFrameworksBuildPhase section */

/* Begin PBXGroup section */
		46BC55411E73FEE20062C6EE = {
			isa = PBXGroup;
			children = (
				46BC55641E73FF070062C6EE /* QMAdditions */,
				46BC554C1E73FEE20062C6EE /* Qimiao-Demo */,
				46BC554B1E73FEE20062C6EE /* Products */,
			);
			sourceTree = "<group>";
		};
		46BC554B1E73FEE20062C6EE /* Products */ = {
			isa = PBXGroup;
			children = (
				46BC554A1E73FEE20062C6EE /* Qimiao-Demo.app */,
			);
			name = Products;
			sourceTree = "<group>";
		};
		46BC554C1E73FEE20062C6EE /* Qimiao-Demo */ = {
			isa = PBXGroup;
			children = (
				46BC55501E73FEE20062C6EE /* AppDelegate.h */,
				46BC55511E73FEE20062C6EE /* AppDelegate.m */,
				46BC55531E73FEE20062C6EE /* ViewController.h */,
				46BC55541E73FEE20062C6EE /* ViewController.m */,
				46BC55561E73FEE20062C6EE /* Main.storyboard */,
				46BC55591E73FEE20062C6EE /* Assets.xcassets */,
				46BC555B1E73FEE20062C6EE /* LaunchScreen.storyboard */,
				46BC555E1E73FEE20062C6EE /* Info.plist */,
				46BC554D1E73FEE20062C6EE /* Supporting Files */,
			);
			path = "Qimiao-Demo";
			sourceTree = "<group>";
		};
		46BC554D1E73FEE20062C6EE /* Supporting Files */ = {
			isa = PBXGroup;
			children = (
				46BC554E1E73FEE20062C6EE /* main.m */,
			);
			name = "Supporting Files";
			sourceTree = "<group>";
		};
		46BC55641E73FF070062C6EE /* QMAdditions */ = {
			isa = PBXGroup;
			children = (
			);
			path = QMAdditions;
			sourceTree = "<group>";
		};
/* End PBXGroup section */

/* Begin PBXNativeTarget section */
		46BC55491E73FEE20062C6EE /* Qimiao-Demo */ = {
			isa = PBXNativeTarget;
			buildConfigurationList = 46BC55611E73FEE20062C6EE /* Build configuration list for PBXNativeTarget "Qimiao-Demo" */;
			buildPhases = (
				46BC55461E73FEE20062C6EE /* Sources */,
				46BC55471E73FEE20062C6EE /* Frameworks */,
				46BC55481E73FEE20062C6EE /* Resources */,
			);
			buildRules = (
			);
			dependencies = (
			);
			name = "Qimiao-Demo";
			productName = "Qimiao-Demo";
			productReference = 46BC554A1E73FEE20062C6EE /* Qimiao-Demo.app */;
			productType = "com.apple.product-type.application";
		};
/* End PBXNativeTarget section */

/* Begin PBXProject section */
		46BC55421E73FEE20062C6EE /* Project object */ = {
			isa = PBXProject;
			attributes = {
				LastUpgradeCheck = 0820;
				ORGANIZATIONNAME = "其妙";
				TargetAttributes = {
					46BC55491E73FEE20062C6EE = {
						CreatedOnToolsVersion = 8.2.1;
						ProvisioningStyle = Automatic;
					};
				};
			};
			buildConfigurationList = 46BC55451E73FEE20062C6EE /* Build configuration list for PBXProject "Qimiao-Demo" */;
			compatibilityVersion = "Xcode 3.2";
			developmentRegion = English;
			hasScannedForEncodings = 0;
			knownRegions = (
				en,
				Base,
			);
			mainGroup = 46BC55411E73FEE20062C6EE;
			productRefGroup = 46BC554B1E73FEE20062C6EE /* Products */;
			projectDirPath = "";
			projectRoot = "";
			targets = (
				46BC55491E73FEE20062C6EE /* Qimiao-Demo */,
			);
		};
/* End PBXProject section */

/* Begin PBXResourcesBuildPhase section */
		46BC55481E73FEE20062C6EE /* Resources */ = {
			isa = PBXResourcesBuildPhase;
			buildActionMask = 2147483647;
			files = (
				46BC555D1E73FEE20062C6EE /* LaunchScreen.storyboard in Resources */,
				46BC555A1E73FEE20062C6EE /* Assets.xcassets in Resources */,
				46BC55581E73FEE20062C6EE /* Main.storyboard in Resources */,
			);
			runOnlyForDeploymentPostprocessing = 0;
		};
/* End PBXResourcesBuildPhase section */

/* Begin PBXSourcesBuildPhase section */
		46BC55461E73FEE20062C6EE /* Sources */ = {
			isa = PBXSourcesBuildPhase;
			buildActionMask = 2147483647;
			files = (
				46BC55551E73FEE20062C6EE /* ViewController.m in Sources */,
				46BC55521E73FEE20062C6EE /* AppDelegate.m in Sources */,
				46BC554F1E73FEE20062C6EE /* main.m in Sources */,
			);
			runOnlyForDeploymentPostprocessing = 0;
		};
/* End PBXSourcesBuildPhase section */

/* Begin PBXVariantGroup section */
		46BC55561E73FEE20062C6EE /* Main.storyboard */ = {
			isa = PBXVariantGroup;
			children = (
				46BC55571E73FEE20062C6EE /* Base */,
			);
			name = Main.storyboard;
			sourceTree = "<group>";
		};
		46BC555B1E73FEE20062C6EE /* LaunchScreen.storyboard */ = {
			isa = PBXVariantGroup;
			children = (
				46BC555C1E73FEE20062C6EE /* Base */,
			);
			name = LaunchScreen.storyboard;
			sourceTree = "<group>";
		};
/* End PBXVariantGroup section */

/* Begin XCBuildConfiguration section */
		46BC555F1E73FEE20062C6EE /* Debug */ = {
			isa = XCBuildConfiguration;
			buildSettings = {
				ALWAYS_SEARCH_USER_PATHS = NO;
				CLANG_ANALYZER_NONNULL = YES;
				CLANG_CXX_LANGUAGE_STANDARD = "gnu++0x";
				CLANG_CXX_LIBRARY = "libc++";
				CLANG_ENABLE_MODULES = YES;
				CLANG_ENABLE_OBJC_ARC = YES;
				CLANG_WARN_BOOL_CONVERSION = YES;
				CLANG_WARN_CONSTANT_CONVERSION = YES;
				CLANG_WARN_DIRECT_OBJC_ISA_USAGE = YES_ERROR;
				CLANG_WARN_DOCUMENTATION_COMMENTS = YES;
				CLANG_WARN_EMPTY_BODY = YES;
				CLANG_WARN_ENUM_CONVERSION = YES;
				CLANG_WARN_INFINITE_RECURSION = YES;
				CLANG_WARN_INT_CONVERSION = YES;
				CLANG_WARN_OBJC_ROOT_CLASS = YES_ERROR;
				CLANG_WARN_SUSPICIOUS_MOVE = YES;
				CLANG_WARN_UNREACHABLE_CODE = YES;
				CLANG_WARN__DUPLICATE_METHOD_MATCH = YES;
				"CODE_SIGN_IDENTITY[sdk=iphoneos*]" = "iPhone Developer";
				COPY_PHASE_STRIP = NO;
				DEBUG_INFORMATION_FORMAT = dwarf;
				ENABLE_STRICT_OBJC_MSGSEND = YES;
				ENABLE_TESTABILITY = YES;
				GCC_C_LANGUAGE_STANDARD = gnu99;
				GCC_DYNAMIC_NO_PIC = NO;
				GCC_NO_COMMON_BLOCKS = YES;
				GCC_OPTIMIZATION_LEVEL = 0;
				GCC_PREPROCESSOR_DEFINITIONS = (
					"DEBUG=1",
					"$(inherited)",
				);
				GCC_WARN_64_TO_32_BIT_CONVERSION = YES;
				GCC_WARN_ABOUT_RETURN_TYPE = YES_ERROR;
				GCC_WARN_UNDECLARED_SELECTOR = YES;
				GCC_WARN_UNINITIALIZED_AUTOS = YES_AGGRESSIVE;
				GCC_WARN_UNUSED_FUNCTION = YES;
				GCC_WARN_UNUSED_VARIABLE = YES;
				IPHONEOS_DEPLOYMENT_TARGET = 10.2;
				MTL_ENABLE_DEBUG_INFO = YES;
				ONLY_ACTIVE_ARCH = YES;
				SDKROOT = iphoneos;
			};
			name = Debug;
		};
		46BC55601E73FEE20062C6EE /* Release */ = {
			isa = XCBuildConfiguration;
			buildSettings = {
				ALWAYS_SEARCH_USER_PATHS = NO;
				CLANG_ANALYZER_NONNULL = YES;
				CLANG_CXX_LANGUAGE_STANDARD = "gnu++0x";
				CLANG_CXX_LIBRARY = "libc++";
				CLANG_ENABLE_MODULES = YES;
				CLANG_ENABLE_OBJC_ARC = YES;
				CLANG_WARN_BOOL_CONVERSION = YES;
				CLANG_WARN_CONSTANT_CONVERSION = YES;
				CLANG_WARN_DIRECT_OBJC_ISA_USAGE = YES_ERROR;
				CLANG_WARN_DOCUMENTATION_COMMENTS = YES;
				CLANG_WARN_EMPTY_BODY = YES;
				CLANG_WARN_ENUM_CONVERSION = YES;
				CLANG_WARN_INFINITE_RECURSION = YES;
				CLANG_WARN_INT_CONVERSION = YES;
				CLANG_WARN_OBJC_ROOT_CLASS = YES_ERROR;
				CLANG_WARN_SUSPICIOUS_MOVE = YES;
				CLANG_WARN_UNREACHABLE_CODE = YES;
				CLANG_WARN__DUPLICATE_METHOD_MATCH = YES;
				"CODE_SIGN_IDENTITY[sdk=iphoneos*]" = "iPhone Developer";
				COPY_PHASE_STRIP = NO;
				DEBUG_INFORMATION_FORMAT = "dwarf-with-dsym";
				ENABLE_NS_ASSERTIONS = NO;
				ENABLE_STRICT_OBJC_MSGSEND = YES;
				GCC_C_LANGUAGE_STANDARD = gnu99;
				GCC_NO_COMMON_BLOCKS = YES;
				GCC_WARN_64_TO_32_BIT_CONVERSION = YES;
				GCC_WARN_ABOUT_RETURN_TYPE = YES_ERROR;
				GCC_WARN_UNDECLARED_SELECTOR = YES;
				GCC_WARN_UNINITIALIZED_AUTOS = YES_AGGRESSIVE;
				GCC_WARN_UNUSED_FUNCTION = YES;
				GCC_WARN_UNUSED_VARIABLE = YES;
				IPHONEOS_DEPLOYMENT_TARGET = 10.2;
				MTL_ENABLE_DEBUG_INFO = NO;
				SDKROOT = iphoneos;
				VALIDATE_PRODUCT = YES;
			};
			name = Release;
		};
		46BC55621E73FEE20062C6EE /* Debug */ = {
			isa = XCBuildConfiguration;
			buildSettings = {
				ASSETCATALOG_COMPILER_APPICON_NAME = AppIcon;
				INFOPLIST_FILE = "Qimiao-Demo/Info.plist";
				IPHONEOS_DEPLOYMENT_TARGET = 8.0;
				LD_RUNPATH_SEARCH_PATHS = "$(inherited) @executable_path/Frameworks";
				PRODUCT_BUNDLE_IDENTIFIER = "com.zyx.Qimiao-Demo";
				PRODUCT_NAME = "$(TARGET_NAME)";
			};
			name = Debug;
		};
		46BC55631E73FEE20062C6EE /* Release */ = {
			isa = XCBuildConfiguration;
			buildSettings = {
				ASSETCATALOG_COMPILER_APPICON_NAME = AppIcon;
				INFOPLIST_FILE = "Qimiao-Demo/Info.plist";
				IPHONEOS_DEPLOYMENT_TARGET = 8.0;
				LD_RUNPATH_SEARCH_PATHS = "$(inherited) @executable_path/Frameworks";
				PRODUCT_BUNDLE_IDENTIFIER = "com.zyx.Qimiao-Demo";
				PRODUCT_NAME = "$(TARGET_NAME)";
			};
			name = Release;
		};
/* End XCBuildConfiguration section */

/* Begin XCConfigurationList section */
		46BC55451E73FEE20062C6EE /* Build configuration list for PBXProject "Qimiao-Demo" */ = {
			isa = XCConfigurationList;
			buildConfigurations = (
				46BC555F1E73FEE20062C6EE /* Debug */,
				46BC55601E73FEE20062C6EE /* Release */,
			);
			defaultConfigurationIsVisible = 0;
			defaultConfigurationName = Release;
		};
		46BC55611E73FEE20062C6EE /* Build configuration list for PBXNativeTarget "Qimiao-Demo" */ = {
			isa = XCConfigurationList;
			buildConfigurations = (
				46BC55621E73FEE20062C6EE /* Debug */,
				46BC55631E73FEE20062C6EE /* Release */,
			);
			defaultConfigurationIsVisible = 0;
			defaultConfigurationName = Release;
		};
/* End XCConfigurationList section */
	};
	rootObject = 46BC55421E73FEE20062C6EE /* Project object */;
}
